// !$*UTF8*$!
{
	archiveVersion = 1;
	classes = {
	};
	objectVersion = 48;
	objects = {

/* Begin PBXBuildFile section */
		8C3F85EC204A880B001440A9 /* Assets.xcassets in Resources */ = {isa = PBXBuildFile; fileRef = 8C3F85EB204A880B001440A9 /* Assets.xcassets */; };
		8C3F85EF204A880B001440A9 /* Main.storyboard in Resources */ = {isa = PBXBuildFile; fileRef = 8C3F85ED204A880B001440A9 /* Main.storyboard */; };
		8C3F85FB204A8830001440A9 /* OpenGL.framework in Frameworks */ = {isa = PBXBuildFile; fileRef = 8C3F85FA204A8830001440A9 /* OpenGL.framework */; };
		8C3F85FD204A8835001440A9 /* GLUT.framework in Frameworks */ = {isa = PBXBuildFile; fileRef = 8C3F85FC204A8835001440A9 /* GLUT.framework */; };
		8C3F8614204A8983001440A9 /* main.cpp in Sources */ = {isa = PBXBuildFile; fileRef = 8C3F8613204A8983001440A9 /* main.cpp */; };
		8C3F8616204A8B1B001440A9 /* libGLTools.a in Frameworks */ = {isa = PBXBuildFile; fileRef = 8C3F8615204A8B1B001440A9 /* libGLTools.a */; };
/* End PBXBuildFile section */

/* Begin PBXFileReference section */
		8C3F85E2204A880B001440A9 /* 001-OpenGl环境搭建.app */ = {isa = PBXFileReference; explicitFileType = wrapper.application; includeInIndex = 0; path = "001-OpenGl环境搭建.app"; sourceTree = BUILT_PRODUCTS_DIR; };
		8C3F85EB204A880B001440A9 /* Assets.xcassets */ = {isa = PBXFileReference; lastKnownFileType = folder.assetcatalog; path = Assets.xcassets; sourceTree = "<group>"; };
		8C3F85EE204A880B001440A9 /* Base */ = {isa = PBXFileReference; lastKnownFileType = file.storyboard; name = Base; path = Base.lproj/Main.storyboard; sourceTree = "<group>"; };
		8C3F85F0204A880B001440A9 /* Info.plist */ = {isa = PBXFileReference; lastKnownFileType = text.plist.xml; path = Info.plist; sourceTree = "<group>"; };
		8C3F85F3204A880B001440A9 /* _01_OpenGl____.entitlements */ = {isa = PBXFileReference; lastKnownFileType = text.plist.entitlements; path = "_01_OpenGl____.entitlements"; sourceTree = "<group>"; };
		8C3F85FA204A8830001440A9 /* OpenGL.framework */ = {isa = PBXFileReference; lastKnownFileType = wrapper.framework; name = OpenGL.framework; path = System/Library/Frameworks/OpenGL.framework; sourceTree = SDKROOT; };
		8C3F85FC204A8835001440A9 /* GLUT.framework */ = {isa = PBXFileReference; lastKnownFileType = wrapper.framework; name = GLUT.framework; path = System/Library/Frameworks/GLUT.framework; sourceTree = SDKROOT; };
		8C3F85FF204A889A001440A9 /* GLBatchBase.h */ = {isa = PBXFileReference; fileEncoding = 4; lastKnownFileType = sourcecode.c.h; path = GLBatchBase.h; sourceTree = "<group>"; };
		8C3F8600204A889A001440A9 /* math3d.h */ = {isa = PBXFileReference; fileEncoding = 4; lastKnownFileType = sourcecode.c.h; path = math3d.h; sourceTree = "<group>"; };
		8C3F8601204A889A001440A9 /* GLTriangleBatch.h */ = {isa = PBXFileReference; fileEncoding = 4; lastKnownFileType = sourcecode.c.h; path = GLTriangleBatch.h; sourceTree = "<group>"; };
		8C3F8602204A889A001440A9 /* GLBatch.h */ = {isa = PBXFileReference; fileEncoding = 4; lastKnownFileType = sourcecode.c.h; path = GLBatch.h; sourceTree = "<group>"; };
		8C3F8603204A889A001440A9 /* GLMatrixStack.h */ = {isa = PBXFileReference; fileEncoding = 4; lastKnownFileType = sourcecode.c.h; path = GLMatrixStack.h; sourceTree = "<group>"; };
		8C3F8604204A889A001440A9 /* GLFrame.h */ = {isa = PBXFileReference; fileEncoding = 4; lastKnownFileType = sourcecode.c.h; path = GLFrame.h; sourceTree = "<group>"; };
		8C3F8605204A889A001440A9 /* GLFrustum.h */ = {isa = PBXFileReference; fileEncoding = 4; lastKnownFileType = sourcecode.c.h; path = GLFrustum.h; sourceTree = "<group>"; };
		8C3F8606204A889A001440A9 /* GLGeometryTransform.h */ = {isa = PBXFileReference; fileEncoding = 4; lastKnownFileType = sourcecode.c.h; path = GLGeometryTransform.h; sourceTree = "<group>"; };
		8C3F8607204A889A001440A9 /* GLShaderManager.h */ = {isa = PBXFileReference; fileEncoding = 4; lastKnownFileType = sourcecode.c.h; path = GLShaderManager.h; sourceTree = "<group>"; };
		8C3F8608204A889A001440A9 /* StopWatch.h */ = {isa = PBXFileReference; fileEncoding = 4; lastKnownFileType = sourcecode.c.h; path = StopWatch.h; sourceTree = "<group>"; };
		8C3F860A204A889A001440A9 /* glxew.h */ = {isa = PBXFileReference; fileEncoding = 4; lastKnownFileType = sourcecode.c.h; path = glxew.h; sourceTree = "<group>"; };
		8C3F860B204A889A001440A9 /* wglew.h */ = {isa = PBXFileReference; fileEncoding = 4; lastKnownFileType = sourcecode.c.h; path = wglew.h; sourceTree = "<group>"; };
		8C3F860C204A889A001440A9 /* glew.h */ = {isa = PBXFileReference; fileEncoding = 4; lastKnownFileType = sourcecode.c.h; path = glew.h; sourceTree = "<group>"; };
		8C3F860D204A889A001440A9 /* GLTools.h */ = {isa = PBXFileReference; fileEncoding = 4; lastKnownFileType = sourcecode.c.h; path = GLTools.h; sourceTree = "<group>"; };
		8C3F8613204A8983001440A9 /* main.cpp */ = {isa = PBXFileReference; lastKnownFileType = sourcecode.cpp.cpp; path = main.cpp; sourceTree = "<group>"; };
		8C3F8615204A8B1B001440A9 /* libGLTools.a */ = {isa = PBXFileReference; lastKnownFileType = archive.ar; name = libGLTools.a; path = "001-OpenGl环境搭建/libGLTools.a"; sourceTree = "<group>"; };
/* End PBXFileReference section */

/* Begin PBXFrameworksBuildPhase section */
		8C3F85DF204A880B001440A9 /* Frameworks */ = {
			isa = PBXFrameworksBuildPhase;
			buildActionMask = 2147483647;
			files = (
				8C3F85FD204A8835001440A9 /* GLUT.framework in Frameworks */,
				8C3F8616204A8B1B001440A9 /* libGLTools.a in Frameworks */,
				8C3F85FB204A8830001440A9 /* OpenGL.framework in Frameworks */,
			);
			runOnlyForDeploymentPostprocessing = 0;
		};
/* End PBXFrameworksBuildPhase section */

/* Begin PBXGroup section */
		8C3F85D9204A880B001440A9 = {
			isa = PBXGroup;
			children = (
				8C3F85E4204A880B001440A9 /* 001-OpenGl环境搭建 */,
				8C3F85E3204A880B001440A9 /* Products */,
				8C3F85F9204A882F001440A9 /* Frameworks */,
			);
			sourceTree = "<group>";
		};
		8C3F85E3204A880B001440A9 /* Products */ = {
			isa = PBXGroup;
			children = (
				8C3F85E2204A880B001440A9 /* 001-OpenGl环境搭建.app */,
			);
			name = Products;
			sourceTree = "<group>";
		};
		8C3F85E4204A880B001440A9 /* 001-OpenGl环境搭建 */ = {
			isa = PBXGroup;
			children = (
				8C3F85FE204A889A001440A9 /* include */,
				8C3F85EB204A880B001440A9 /* Assets.xcassets */,
				8C3F85ED204A880B001440A9 /* Main.storyboard */,
				8C3F85F0204A880B001440A9 /* Info.plist */,
				8C3F85F3204A880B001440A9 /* _01_OpenGl____.entitlements */,
				8C3F8613204A8983001440A9 /* main.cpp */,
			);
			path = "001-OpenGl环境搭建";
			sourceTree = "<group>";
		};
		8C3F85F9204A882F001440A9 /* Frameworks */ = {
			isa = PBXGroup;
			children = (
				8C3F8615204A8B1B001440A9 /* libGLTools.a */,
				8C3F85FC204A8835001440A9 /* GLUT.framework */,
				8C3F85FA204A8830001440A9 /* OpenGL.framework */,
			);
			name = Frameworks;
			sourceTree = "<group>";
		};
		8C3F85FE204A889A001440A9 /* include */ = {
			isa = PBXGroup;
			children = (
				8C3F8609204A889A001440A9 /* GL */,
				8C3F85FF204A889A001440A9 /* GLBatchBase.h */,
				8C3F8600204A889A001440A9 /* math3d.h */,
				8C3F8601204A889A001440A9 /* GLTriangleBatch.h */,
				8C3F8602204A889A001440A9 /* GLBatch.h */,
				8C3F8603204A889A001440A9 /* GLMatrixStack.h */,
				8C3F8604204A889A001440A9 /* GLFrame.h */,
				8C3F8605204A889A001440A9 /* GLFrustum.h */,
				8C3F8606204A889A001440A9 /* GLGeometryTransform.h */,
				8C3F8607204A889A001440A9 /* GLShaderManager.h */,
				8C3F8608204A889A001440A9 /* StopWatch.h */,
				8C3F860D204A889A001440A9 /* GLTools.h */,
			);
			path = include;
			sourceTree = "<group>";
		};
		8C3F8609204A889A001440A9 /* GL */ = {
			isa = PBXGroup;
			children = (
				8C3F860A204A889A001440A9 /* glxew.h */,
				8C3F860B204A889A001440A9 /* wglew.h */,
				8C3F860C204A889A001440A9 /* glew.h */,
			);
			path = GL;
			sourceTree = "<group>";
		};
/* End PBXGroup section */

/* Begin PBXNativeTarget section */
		8C3F85E1204A880B001440A9 /* 001-OpenGl环境搭建 */ = {
			isa = PBXNativeTarget;
			buildConfigurationList = 8C3F85F6204A880B001440A9 /* Build configuration list for PBXNativeTarget "001-OpenGl环境搭建" */;
			buildPhases = (
				8C3F85DE204A880B001440A9 /* Sources */,
				8C3F85DF204A880B001440A9 /* Frameworks */,
				8C3F85E0204A880B001440A9 /* Resources */,
			);
			buildRules = (
			);
			dependencies = (
			);
			name = "001-OpenGl环境搭建";
			productName = "001-OpenGl环境搭建";
			productReference = 8C3F85E2204A880B001440A9 /* 001-OpenGl环境搭建.app */;
			productType = "com.apple.product-type.application";
		};
/* End PBXNativeTarget section */

/* Begin PBXProject section */
		8C3F85DA204A880B001440A9 /* Project object */ = {
			isa = PBXProject;
			attributes = {
				LastUpgradeCheck = 0920;
				ORGANIZATIONNAME = "马遥";
				TargetAttributes = {
					8C3F85E1204A880B001440A9 = {
						CreatedOnToolsVersion = 9.2;
						ProvisioningStyle = Automatic;
					};
				};
			};
			buildConfigurationList = 8C3F85DD204A880B001440A9 /* Build configuration list for PBXProject "001-OpenGl环境搭建" */;
			compatibilityVersion = "Xcode 8.0";
			developmentRegion = en;
			hasScannedForEncodings = 0;
			knownRegions = (
				en,
				Base,
			);
			mainGroup = 8C3F85D9204A880B001440A9;
			productRefGroup = 8C3F85E3204A880B001440A9 /* Products */;
			projectDirPath = "";
			projectRoot = "";
			targets = (
				8C3F85E1204A880B001440A9 /* 001-OpenGl环境搭建 */,
			);
		};
/* End PBXProject section */

/* Begin PBXResourcesBuildPhase section */
		8C3F85E0204A880B001440A9 /* Resources */ = {
			isa = PBXResourcesBuildPhase;
			buildActionMask = 2147483647;
			files = (
				8C3F85EC204A880B001440A9 /* Assets.xcassets in Resources */,
				8C3F85EF204A880B001440A9 /* Main.storyboard in Resources */,
			);
			runOnlyForDeploymentPostprocessing = 0;
		};
/* End PBXResourcesBuildPhase section */

/* Begin PBXSourcesBuildPhase section */
		8C3F85DE204A880B001440A9 /* Sources */ = {
			isa = PBXSourcesBuildPhase;
			buildActionMask = 2147483647;
			files = (
				8C3F8614204A8983001440A9 /* main.cpp in Sources */,
			);
			runOnlyForDeploymentPostprocessing = 0;
		};
/* End PBXSourcesBuildPhase section */

/* Begin PBXVariantGroup section */
		8C3F85ED204A880B001440A9 /* Main.storyboard */ = {
			isa = PBXVariantGroup;
			children = (
				8C3F85EE204A880B001440A9 /* Base */,
			);
			name = Main.storyboard;
			sourceTree = "<group>";
		};
/* End PBXVariantGroup section */

/* Begin XCBuildConfiguration section */
		8C3F85F4204A880B001440A9 /* Debug */ = {
			isa = XCBuildConfiguration;
			buildSettings = {
				ALWAYS_SEARCH_USER_PATHS = NO;
				CLANG_ANALYZER_NONNULL = YES;
				CLANG_ANALYZER_NUMBER_OBJECT_CONVERSION = YES_AGGRESSIVE;
				CLANG_CXX_LANGUAGE_STANDARD = "gnu++14";
				CLANG_CXX_LIBRARY = "libc++";
				CLANG_ENABLE_MODULES = YES;
				CLANG_ENABLE_OBJC_ARC = YES;
				CLANG_WARN_BLOCK_CAPTURE_AUTORELEASING = YES;
				CLANG_WARN_BOOL_CONVERSION = YES;
				CLANG_WARN_COMMA = YES;
				CLANG_WARN_CONSTANT_CONVERSION = YES;
				CLANG_WARN_DIRECT_OBJC_ISA_USAGE = YES_ERROR;
				CLANG_WARN_DOCUMENTATION_COMMENTS = YES;
				CLANG_WARN_EMPTY_BODY = YES;
				CLANG_WARN_ENUM_CONVERSION = YES;
				CLANG_WARN_INFINITE_RECURSION = YES;
				CLANG_WARN_INT_CONVERSION = YES;
				CLANG_WARN_NON_LITERAL_NULL_CONVERSION = YES;
				CLANG_WARN_OBJC_LITERAL_CONVERSION = YES;
				CLANG_WARN_OBJC_ROOT_CLASS = YES_ERROR;
				CLANG_WARN_RANGE_LOOP_ANALYSIS = YES;
				CLANG_WARN_STRICT_PROTOTYPES = YES;
				CLANG_WARN_SUSPICIOUS_MOVE = YES;
				CLANG_WARN_UNGUARDED_AVAILABILITY = YES_AGGRESSIVE;
				CLANG_WARN_UNREACHABLE_CODE = YES;
				CLANG_WARN__DUPLICATE_METHOD_MATCH = YES;
				CODE_SIGN_IDENTITY = "Mac Developer";
				COPY_PHASE_STRIP = NO;
				DEBUG_INFORMATION_FORMAT = dwarf;
				ENABLE_STRICT_OBJC_MSGSEND = YES;
				ENABLE_TESTABILITY = YES;
				GCC_C_LANGUAGE_STANDARD = gnu11;
				GCC_DYNAMIC_NO_PIC = NO;
				GCC_NO_COMMON_BLOCKS = YES;
				GCC_OPTIMIZATION_LEVEL = 0;
				GCC_PREPROCESSOR_DEFINITIONS = (
					"DEBUG=1",
					"$(inherited)",
				);
				GCC_WARN_64_TO_32_BIT_CONVERSION = YES;
				GCC_WARN_ABOUT_RETURN_TYPE = YES_ERROR;
				GCC_WARN_UNDECLARED_SELECTOR = YES;
				GCC_WARN_UNINITIALIZED_AUTOS = YES_AGGRESSIVE;
				GCC_WARN_UNUSED_FUNCTION = YES;
				GCC_WARN_UNUSED_VARIABLE = YES;
				MACOSX_DEPLOYMENT_TARGET = 10.13;
				MTL_ENABLE_DEBUG_INFO = YES;
				ONLY_ACTIVE_ARCH = YES;
				SDKROOT = macosx;
			};
			name = Debug;
		};
		8C3F85F5204A880B001440A9 /* Release */ = {
			isa = XCBuildConfiguration;
			buildSettings = {
				ALWAYS_SEARCH_USER_PATHS = NO;
				CLANG_ANALYZER_NONNULL = YES;
				CLANG_ANALYZER_NUMBER_OBJECT_CONVERSION = YES_AGGRESSIVE;
				CLANG_CXX_LANGUAGE_STANDARD = "gnu++14";
				CLANG_CXX_LIBRARY = "libc++";
				CLANG_ENABLE_MODULES = YES;
				CLANG_ENABLE_OBJC_ARC = YES;
				CLANG_WARN_BLOCK_CAPTURE_AUTORELEASING = YES;
				CLANG_WARN_BOOL_CONVERSION = YES;
				CLANG_WARN_COMMA = YES;
				CLANG_WARN_CONSTANT_CONVERSION = YES;
				CLANG_WARN_DIRECT_OBJC_ISA_USAGE = YES_ERROR;
				CLANG_WARN_DOCUMENTATION_COMMENTS = YES;
				CLANG_WARN_EMPTY_BODY = YES;
				CLANG_WARN_ENUM_CONVERSION = YES;
				CLANG_WARN_INFINITE_RECURSION = YES;
				CLANG_WARN_INT_CONVERSION = YES;
				CLANG_WARN_NON_LITERAL_NULL_CONVERSION = YES;
				CLANG_WARN_OBJC_LITERAL_CONVERSION = YES;
				CLANG_WARN_OBJC_ROOT_CLASS = YES_ERROR;
				CLANG_WARN_RANGE_LOOP_ANALYSIS = YES;
				CLANG_WARN_STRICT_PROTOTYPES = YES;
				CLANG_WARN_SUSPICIOUS_MOVE = YES;
				CLANG_WARN_UNGUARDED_AVAILABILITY = YES_AGGRESSIVE;
				CLANG_WARN_UNREACHABLE_CODE = YES;
				CLANG_WARN__DUPLICATE_METHOD_MATCH = YES;
				CODE_SIGN_IDENTITY = "Mac Developer";
				COPY_PHASE_STRIP = NO;
				DEBUG_INFORMATION_FORMAT = "dwarf-with-dsym";
				ENABLE_NS_ASSERTIONS = NO;
				ENABLE_STRICT_OBJC_MSGSEND = YES;
				GCC_C_LANGUAGE_STANDARD = gnu11;
				GCC_NO_COMMON_BLOCKS = YES;
				GCC_WARN_64_TO_32_BIT_CONVERSION = YES;
				GCC_WARN_ABOUT_RETURN_TYPE = YES_ERROR;
				GCC_WARN_UNDECLARED_SELECTOR = YES;
				GCC_WARN_UNINITIALIZED_AUTOS = YES_AGGRESSIVE;
				GCC_WARN_UNUSED_FUNCTION = YES;
				GCC_WARN_UNUSED_VARIABLE = YES;
				MACOSX_DEPLOYMENT_TARGET = 10.13;
				MTL_ENABLE_DEBUG_INFO = NO;
				SDKROOT = macosx;
			};
			name = Release;
		};
		8C3F85F7204A880B001440A9 /* Debug */ = {
			isa = XCBuildConfiguration;
			buildSettings = {
				ASSETCATALOG_COMPILER_APPICON_NAME = AppIcon;
				CODE_SIGN_ENTITLEMENTS = "001-OpenGl环境搭建/_01_OpenGl____.entitlements";
				CODE_SIGN_STYLE = Automatic;
				COMBINE_HIDPI_IMAGES = YES;
				DEVELOPMENT_TEAM = F692N24C9P;
				HEADER_SEARCH_PATHS = "/Users/mayao/Documents/学习测试专用/VIP-OpenGl课程项目练习/001-OpenGl环境搭建/001-OpenGl环境搭建/include";
				INFOPLIST_FILE = "001-OpenGl环境搭建/Info.plist";
				LD_RUNPATH_SEARCH_PATHS = "$(inherited) @executable_path/../Frameworks";
				LIBRARY_SEARCH_PATHS = (
					"$(inherited)",
					"$(PROJECT_DIR)/001-OpenGl环境搭建",
				);
				PRODUCT_BUNDLE_IDENTIFIER = "com.mervin1024.practice.-01-OpenGl----";
				PRODUCT_NAME = "$(TARGET_NAME)";
			};
			name = Debug;
		};
		8C3F85F8204A880B001440A9 /* Release */ = {
			isa = XCBuildConfiguration;
			buildSettings = {
				ASSETCATALOG_COMPILER_APPICON_NAME = AppIcon;
				CODE_SIGN_ENTITLEMENTS = "001-OpenGl环境搭建/_01_OpenGl____.entitlements";
				CODE_SIGN_STYLE = Automatic;
				COMBINE_HIDPI_IMAGES = YES;
				DEVELOPMENT_TEAM = F692N24C9P;
				HEADER_SEARCH_PATHS = "/Users/mayao/Documents/学习测试专用/VIP-OpenGl课程项目练习/001-OpenGl环境搭建/001-OpenGl环境搭建/include";
				INFOPLIST_FILE = "001-OpenGl环境搭建/Info.plist";
				LD_RUNPATH_SEARCH_PATHS = "$(inherited) @executable_path/../Frameworks";
				LIBRARY_SEARCH_PATHS = (
					"$(inherited)",
					"$(PROJECT_DIR)/001-OpenGl环境搭建",
				);
				PRODUCT_BUNDLE_IDENTIFIER = "com.mervin1024.practice.-01-OpenGl----";
				PRODUCT_NAME = "$(TARGET_NAME)";
			};
			name = Release;
		};
/* End XCBuildConfiguration section */

/* Begin XCConfigurationList section */
		8C3F85DD204A880B001440A9 /* Build configuration list for PBXProject "001-OpenGl环境搭建" */ = {
			isa = XCConfigurationList;
			buildConfigurations = (
				8C3F85F4204A880B001440A9 /* Debug */,
				8C3F85F5204A880B001440A9 /* Release */,
			);
			defaultConfigurationIsVisible = 0;
			defaultConfigurationName = Release;
		};
		8C3F85F6204A880B001440A9 /* Build configuration list for PBXNativeTarget "001-OpenGl环境搭建" */ = {
			isa = XCConfigurationList;
			buildConfigurations = (
				8C3F85F7204A880B001440A9 /* Debug */,
				8C3F85F8204A880B001440A9 /* Release */,
			);
			defaultConfigurationIsVisible = 0;
			defaultConfigurationName = Release;
		};
/* End XCConfigurationList section */
	};
	rootObject = 8C3F85DA204A880B001440A9 /* Project object */;
}
